<Solution>
  <Folder Name="/src/">
    <File Path=".gitignore" />
    <Project Path="src/Helpdesk.Api/Helpdesk.Api.csproj" />
    <Project Path="src/Helpdesk.Application/Helpdesk.Application.csproj" />
    <Project Path="src/Helpdesk.CLI/Helpdesk.CLI.csproj" Id="e56c9a99-82eb-4854-8160-e1982f430b22" />
    <Project Path="src/Helpdesk.Domain/Helpdesk.Domain.csproj" />
    <Project Path="src/Helpdesk.Infrastructure/Helpdesk.Infrastructure.csproj" />
  </Folder>
  <Folder Name="/tests/" />
</Solution>
